
Microsoft Visual Studio Solution File, Format Version 12.00
# Visual Studio Version 16
VisualStudioVersion = 16.0.31729.503
MinimumVisualStudioVersion = 10.0.40219.1
Project("{FAE04EC0-301F-11D3-BF4B-00C04F79EFBC}") = "MvcWeb.AuthenticationsDemo", "MvcWeb.AuthenticationsDemo\MvcWeb.AuthenticationsDemo.csproj", "{3D458561-3D5D-499C-8E02-15E5DDC00BF8}"
EndProject
Global
	GlobalSection(SolutionConfigurationPlatforms) = preSolution
		Debug|Any CPU = Debug|Any CPU
		Release|Any CPU = Release|Any CPU
	EndGlobalSection
	GlobalSection(ProjectConfigurationPlatforms) = postSolution
		{3D458561-3D5D-499C-8E02-15E5DDC00BF8}.Debug|Any CPU.ActiveCfg = Debug|Any CPU
		{3D458561-3D5D-499C-8E02-15E5DDC00BF8}.Debug|Any CPU.Build.0 = Debug|Any CPU
		{3D458561-3D5D-499C-8E02-15E5DDC00BF8}.Release|Any CPU.ActiveCfg = Release|Any CPU
		{3D458561-3D5D-499C-8E02-15E5DDC00BF8}.Release|Any CPU.Build.0 = Release|Any CPU
	EndGlobalSection
	GlobalSection(SolutionProperties) = preSolution
		HideSolutionNode = FALSE
	EndGlobalSection
	GlobalSection(ExtensibilityGlobals) = postSolution
		SolutionGuid = {BB9EB285-E26C-4AFF-906C-6213DFA02A0B}
	EndGlobalSection
EndGlobal
